
Microsoft Visual Studio Solution File, Format Version 12.00
# Visual Studio Version 16
VisualStudioVersion = 16.0.31515.178
MinimumVisualStudioVersion = 10.0.40219.1
Project("{8BC9CEB8-8B4A-11D0-8D11-00A0C91BC942}") = "2178", "백준.vcxproj", "{972B4B7E-ED5C-4396-A1A6-C22B416B4733}"
EndProject
Project("{8BC9CEB8-8B4A-11D0-8D11-00A0C91BC942}") = "2667", "..\2667\2667.vcxproj", "{61BFABB8-9B57-4DE1-AAE4-678BD062C1FE}"
EndProject
Project("{8BC9CEB8-8B4A-11D0-8D11-00A0C91BC942}") = "1931", "..\1931\1931.vcxproj", "{068E3194-DEB6-42C4-A578-7A320F7CF757}"
EndProject
Project("{8BC9CEB8-8B4A-11D0-8D11-00A0C91BC942}") = "5567", "..\5567\5567.vcxproj", "{F337E6C7-5147-4431-9DD1-1F70439E3531}"
EndProject
Project("{8BC9CEB8-8B4A-11D0-8D11-00A0C91BC942}") = "17609", "..\17609\17609.vcxproj", "{9FAACC99-8853-4BAC-9CF7-7D0772193CB5}"
EndProject
Project("{8BC9CEB8-8B4A-11D0-8D11-00A0C91BC942}") = "1463", "..\1463\1463.vcxproj", "{31C269AE-DB33-4295-B0CC-A1471280388A}"
EndProject
Project("{8BC9CEB8-8B4A-11D0-8D11-00A0C91BC942}") = "1003", "..\2748\2748.vcxproj", "{EA49EB01-7740-430C-9B10-43A9BF1815FD}"
EndProject
Project("{8BC9CEB8-8B4A-11D0-8D11-00A0C91BC942}") = "1057", "..\1057\1057.vcxproj", "{A8BCF1AD-75F7-410D-A461-884FEFBCAEF7}"
EndProject
Project("{8BC9CEB8-8B4A-11D0-8D11-00A0C91BC942}") = "1929", "..\1929\1929.vcxproj", "{A55BDF41-FEDC-4FAD-ADE8-BF71DF515DEA}"
EndProject
Project("{8BC9CEB8-8B4A-11D0-8D11-00A0C91BC942}") = "11047", "..\11047\11047.vcxproj", "{4E291BCD-1B48-46BD-9571-96BC7E3E06BA}"
EndProject
Project("{8BC9CEB8-8B4A-11D0-8D11-00A0C91BC942}") = "11404", "..\11404\11404.vcxproj", "{0561C48F-0A95-4ED7-9141-AEBF6AD9C9EC}"
EndProject
Project("{8BC9CEB8-8B4A-11D0-8D11-00A0C91BC942}") = "14888", "..\14888\14888.vcxproj", "{AC3F9663-BB28-4931-BD91-34DCA05A208F}"
EndProject
Project("{8BC9CEB8-8B4A-11D0-8D11-00A0C91BC942}") = "11399", "..\11399\11399.vcxproj", "{6A3DA121-7E04-49A5-8954-0D2F4D12CF46}"
EndProject
Project("{8BC9CEB8-8B4A-11D0-8D11-00A0C91BC942}") = "1614", "..\1614\1614.vcxproj", "{520F8FBD-B965-4F9B-ABA1-1AD6215123DD}"
EndProject
Project("{8BC9CEB8-8B4A-11D0-8D11-00A0C91BC942}") = "9012", "..\9012\9012.vcxproj", "{780DF2A9-058B-4DA8-B2BE-CE116E2F2A7C}"
EndProject
Project("{8BC9CEB8-8B4A-11D0-8D11-00A0C91BC942}") = "2164", "..\2164\2164.vcxproj", "{DBCB32E1-8BAD-46B2-B592-7130E53CC283}"
EndProject
Project("{8BC9CEB8-8B4A-11D0-8D11-00A0C91BC942}") = "1920", "..\1920\1920.vcxproj", "{C091C7EE-3617-458B-B852-98CB28A996CD}"
EndProject
Project("{8BC9CEB8-8B4A-11D0-8D11-00A0C91BC942}") = "1012", "..\1012\1012.vcxproj", "{4C9ED470-8B41-4DC2-926C-AEF2DF0805B5}"
EndProject
Project("{8BC9CEB8-8B4A-11D0-8D11-00A0C91BC942}") = "9095", "..\9095\9095.vcxproj", "{19699A44-C2FB-4E14-80D0-C936620B2EA8}"
EndProject
Project("{8BC9CEB8-8B4A-11D0-8D11-00A0C91BC942}") = "2468", "..\2468\2468.vcxproj", "{6C348300-43BF-4AC8-A904-47985CB8B4B5}"
EndProject
Project("{8BC9CEB8-8B4A-11D0-8D11-00A0C91BC942}") = "1541", "..\1541\1541.vcxproj", "{5BF008EF-DC76-477C-91C3-EADA4D830E97}"
EndProject
Global
	GlobalSection(SolutionConfigurationPlatforms) = preSolution
		Debug|x64 = Debug|x64
		Debug|x86 = Debug|x86
		Release|x64 = Release|x64
		Release|x86 = Release|x86
	EndGlobalSection
	GlobalSection(ProjectConfigurationPlatforms) = postSolution
		{972B4B7E-ED5C-4396-A1A6-C22B416B4733}.Debug|x64.ActiveCfg = Debug|x64
		{972B4B7E-ED5C-4396-A1A6-C22B416B4733}.Debug|x64.Build.0 = Debug|x64
		{972B4B7E-ED5C-4396-A1A6-C22B416B4733}.Debug|x86.ActiveCfg = Debug|Win32
		{972B4B7E-ED5C-4396-A1A6-C22B416B4733}.Debug|x86.Build.0 = Debug|Win32
		{972B4B7E-ED5C-4396-A1A6-C22B416B4733}.Release|x64.ActiveCfg = Release|x64
		{972B4B7E-ED5C-4396-A1A6-C22B416B4733}.Release|x64.Build.0 = Release|x64
		{972B4B7E-ED5C-4396-A1A6-C22B416B4733}.Release|x86.ActiveCfg = Release|Win32
		{972B4B7E-ED5C-4396-A1A6-C22B416B4733}.Release|x86.Build.0 = Release|Win32
		{61BFABB8-9B57-4DE1-AAE4-678BD062C1FE}.Debug|x64.ActiveCfg = Debug|x64
		{61BFABB8-9B57-4DE1-AAE4-678BD062C1FE}.Debug|x64.Build.0 = Debug|x64
		{61BFABB8-9B57-4DE1-AAE4-678BD062C1FE}.Debug|x86.ActiveCfg = Debug|Win32
		{61BFABB8-9B57-4DE1-AAE4-678BD062C1FE}.Debug|x86.Build.0 = Debug|Win32
		{61BFABB8-9B57-4DE1-AAE4-678BD062C1FE}.Release|x64.ActiveCfg = Release|x64
		{61BFABB8-9B57-4DE1-AAE4-678BD062C1FE}.Release|x64.Build.0 = Release|x64
		{61BFABB8-9B57-4DE1-AAE4-678BD062C1FE}.Release|x86.ActiveCfg = Release|Win32
		{61BFABB8-9B57-4DE1-AAE4-678BD062C1FE}.Release|x86.Build.0 = Release|Win32
		{068E3194-DEB6-42C4-A578-7A320F7CF757}.Debug|x64.ActiveCfg = Debug|x64
		{068E3194-DEB6-42C4-A578-7A320F7CF757}.Debug|x64.Build.0 = Debug|x64
		{068E3194-DEB6-42C4-A578-7A320F7CF757}.Debug|x86.ActiveCfg = Debug|Win32
		{068E3194-DEB6-42C4-A578-7A320F7CF757}.Debug|x86.Build.0 = Debug|Win32
		{068E3194-DEB6-42C4-A578-7A320F7CF757}.Release|x64.ActiveCfg = Release|x64
		{068E3194-DEB6-42C4-A578-7A320F7CF757}.Release|x64.Build.0 = Release|x64
		{068E3194-DEB6-42C4-A578-7A320F7CF757}.Release|x86.ActiveCfg = Release|Win32
		{068E3194-DEB6-42C4-A578-7A320F7CF757}.Release|x86.Build.0 = Release|Win32
		{F337E6C7-5147-4431-9DD1-1F70439E3531}.Debug|x64.ActiveCfg = Debug|x64
		{F337E6C7-5147-4431-9DD1-1F70439E3531}.Debug|x64.Build.0 = Debug|x64
		{F337E6C7-5147-4431-9DD1-1F70439E3531}.Debug|x86.ActiveCfg = Debug|Win32
		{F337E6C7-5147-4431-9DD1-1F70439E3531}.Debug|x86.Build.0 = Debug|Win32
		{F337E6C7-5147-4431-9DD1-1F70439E3531}.Release|x64.ActiveCfg = Release|x64
		{F337E6C7-5147-4431-9DD1-1F70439E3531}.Release|x64.Build.0 = Release|x64
		{F337E6C7-5147-4431-9DD1-1F70439E3531}.Release|x86.ActiveCfg = Release|Win32
		{F337E6C7-5147-4431-9DD1-1F70439E3531}.Release|x86.Build.0 = Release|Win32
		{9FAACC99-8853-4BAC-9CF7-7D0772193CB5}.Debug|x64.ActiveCfg = Debug|x64
		{9FAACC99-8853-4BAC-9CF7-7D0772193CB5}.Debug|x64.Build.0 = Debug|x64
		{9FAACC99-8853-4BAC-9CF7-7D0772193CB5}.Debug|x86.ActiveCfg = Debug|Win32
		{9FAACC99-8853-4BAC-9CF7-7D0772193CB5}.Debug|x86.Build.0 = Debug|Win32
		{9FAACC99-8853-4BAC-9CF7-7D0772193CB5}.Release|x64.ActiveCfg = Release|x64
		{9FAACC99-8853-4BAC-9CF7-7D0772193CB5}.Release|x64.Build.0 = Release|x64
		{9FAACC99-8853-4BAC-9CF7-7D0772193CB5}.Release|x86.ActiveCfg = Release|Win32
		{9FAACC99-8853-4BAC-9CF7-7D0772193CB5}.Release|x86.Build.0 = Release|Win32
		{31C269AE-DB33-4295-B0CC-A1471280388A}.Debug|x64.ActiveCfg = Debug|x64
		{31C269AE-DB33-4295-B0CC-A1471280388A}.Debug|x64.Build.0 = Debug|x64
		{31C269AE-DB33-4295-B0CC-A1471280388A}.Debug|x86.ActiveCfg = Debug|Win32
		{31C269AE-DB33-4295-B0CC-A1471280388A}.Debug|x86.Build.0 = Debug|Win32
		{31C269AE-DB33-4295-B0CC-A1471280388A}.Release|x64.ActiveCfg = Release|x64
		{31C269AE-DB33-4295-B0CC-A1471280388A}.Release|x64.Build.0 = Release|x64
		{31C269AE-DB33-4295-B0CC-A1471280388A}.Release|x86.ActiveCfg = Release|Win32
		{31C269AE-DB33-4295-B0CC-A1471280388A}.Release|x86.Build.0 = Release|Win32
		{EA49EB01-7740-430C-9B10-43A9BF1815FD}.Debug|x64.ActiveCfg = Debug|x64
		{EA49EB01-7740-430C-9B10-43A9BF1815FD}.Debug|x64.Build.0 = Debug|x64
		{EA49EB01-7740-430C-9B10-43A9BF1815FD}.Debug|x86.ActiveCfg = Debug|Win32
		{EA49EB01-7740-430C-9B10-43A9BF1815FD}.Debug|x86.Build.0 = Debug|Win32
		{EA49EB01-7740-430C-9B10-43A9BF1815FD}.Release|x64.ActiveCfg = Release|x64
		{EA49EB01-7740-430C-9B10-43A9BF1815FD}.Release|x64.Build.0 = Release|x64
		{EA49EB01-7740-430C-9B10-43A9BF1815FD}.Release|x86.ActiveCfg = Release|Win32
		{EA49EB01-7740-430C-9B10-43A9BF1815FD}.Release|x86.Build.0 = Release|Win32
		{A8BCF1AD-75F7-410D-A461-884FEFBCAEF7}.Debug|x64.ActiveCfg = Debug|x64
		{A8BCF1AD-75F7-410D-A461-884FEFBCAEF7}.Debug|x64.Build.0 = Debug|x64
		{A8BCF1AD-75F7-410D-A461-884FEFBCAEF7}.Debug|x86.ActiveCfg = Debug|Win32
		{A8BCF1AD-75F7-410D-A461-884FEFBCAEF7}.Debug|x86.Build.0 = Debug|Win32
		{A8BCF1AD-75F7-410D-A461-884FEFBCAEF7}.Release|x64.ActiveCfg = Release|x64
		{A8BCF1AD-75F7-410D-A461-884FEFBCAEF7}.Release|x64.Build.0 = Release|x64
		{A8BCF1AD-75F7-410D-A461-884FEFBCAEF7}.Release|x86.ActiveCfg = Release|Win32
		{A8BCF1AD-75F7-410D-A461-884FEFBCAEF7}.Release|x86.Build.0 = Release|Win32
		{A55BDF41-FEDC-4FAD-ADE8-BF71DF515DEA}.Debug|x64.ActiveCfg = Debug|x64
		{A55BDF41-FEDC-4FAD-ADE8-BF71DF515DEA}.Debug|x64.Build.0 = Debug|x64
		{A55BDF41-FEDC-4FAD-ADE8-BF71DF515DEA}.Debug|x86.ActiveCfg = Debug|Win32
		{A55BDF41-FEDC-4FAD-ADE8-BF71DF515DEA}.Debug|x86.Build.0 = Debug|Win32
		{A55BDF41-FEDC-4FAD-ADE8-BF71DF515DEA}.Release|x64.ActiveCfg = Release|x64
		{A55BDF41-FEDC-4FAD-ADE8-BF71DF515DEA}.Release|x64.Build.0 = Release|x64
		{A55BDF41-FEDC-4FAD-ADE8-BF71DF515DEA}.Release|x86.ActiveCfg = Release|Win32
		{A55BDF41-FEDC-4FAD-ADE8-BF71DF515DEA}.Release|x86.Build.0 = Release|Win32
		{4E291BCD-1B48-46BD-9571-96BC7E3E06BA}.Debug|x64.ActiveCfg = Debug|x64
		{4E291BCD-1B48-46BD-9571-96BC7E3E06BA}.Debug|x64.Build.0 = Debug|x64
		{4E291BCD-1B48-46BD-9571-96BC7E3E06BA}.Debug|x86.ActiveCfg = Debug|Win32
		{4E291BCD-1B48-46BD-9571-96BC7E3E06BA}.Debug|x86.Build.0 = Debug|Win32
		{4E291BCD-1B48-46BD-9571-96BC7E3E06BA}.Release|x64.ActiveCfg = Release|x64
		{4E291BCD-1B48-46BD-9571-96BC7E3E06BA}.Release|x64.Build.0 = Release|x64
		{4E291BCD-1B48-46BD-9571-96BC7E3E06BA}.Release|x86.ActiveCfg = Release|Win32
		{4E291BCD-1B48-46BD-9571-96BC7E3E06BA}.Release|x86.Build.0 = Release|Win32
		{0561C48F-0A95-4ED7-9141-AEBF6AD9C9EC}.Debug|x64.ActiveCfg = Debug|x64
		{0561C48F-0A95-4ED7-9141-AEBF6AD9C9EC}.Debug|x64.Build.0 = Debug|x64
		{0561C48F-0A95-4ED7-9141-AEBF6AD9C9EC}.Debug|x86.ActiveCfg = Debug|Win32
		{0561C48F-0A95-4ED7-9141-AEBF6AD9C9EC}.Debug|x86.Build.0 = Debug|Win32
		{0561C48F-0A95-4ED7-9141-AEBF6AD9C9EC}.Release|x64.ActiveCfg = Release|x64
		{0561C48F-0A95-4ED7-9141-AEBF6AD9C9EC}.Release|x64.Build.0 = Release|x64
		{0561C48F-0A95-4ED7-9141-AEBF6AD9C9EC}.Release|x86.ActiveCfg = Release|Win32
		{0561C48F-0A95-4ED7-9141-AEBF6AD9C9EC}.Release|x86.Build.0 = Release|Win32
		{AC3F9663-BB28-4931-BD91-34DCA05A208F}.Debug|x64.ActiveCfg = Debug|x64
		{AC3F9663-BB28-4931-BD91-34DCA05A208F}.Debug|x64.Build.0 = Debug|x64
		{AC3F9663-BB28-4931-BD91-34DCA05A208F}.Debug|x86.ActiveCfg = Debug|Win32
		{AC3F9663-BB28-4931-BD91-34DCA05A208F}.Debug|x86.Build.0 = Debug|Win32
		{AC3F9663-BB28-4931-BD91-34DCA05A208F}.Release|x64.ActiveCfg = Release|x64
		{AC3F9663-BB28-4931-BD91-34DCA05A208F}.Release|x64.Build.0 = Release|x64
		{AC3F9663-BB28-4931-BD91-34DCA05A208F}.Release|x86.ActiveCfg = Release|Win32
		{AC3F9663-BB28-4931-BD91-34DCA05A208F}.Release|x86.Build.0 = Release|Win32
		{6A3DA121-7E04-49A5-8954-0D2F4D12CF46}.Debug|x64.ActiveCfg = Debug|x64
		{6A3DA121-7E04-49A5-8954-0D2F4D12CF46}.Debug|x64.Build.0 = Debug|x64
		{6A3DA121-7E04-49A5-8954-0D2F4D12CF46}.Debug|x86.ActiveCfg = Debug|Win32
		{6A3DA121-7E04-49A5-8954-0D2F4D12CF46}.Debug|x86.Build.0 = Debug|Win32
		{6A3DA121-7E04-49A5-8954-0D2F4D12CF46}.Release|x64.ActiveCfg = Release|x64
		{6A3DA121-7E04-49A5-8954-0D2F4D12CF46}.Release|x64.Build.0 = Release|x64
		{6A3DA121-7E04-49A5-8954-0D2F4D12CF46}.Release|x86.ActiveCfg = Release|Win32
		{6A3DA121-7E04-49A5-8954-0D2F4D12CF46}.Release|x86.Build.0 = Release|Win32
		{520F8FBD-B965-4F9B-ABA1-1AD6215123DD}.Debug|x64.ActiveCfg = Debug|x64
		{520F8FBD-B965-4F9B-ABA1-1AD6215123DD}.Debug|x64.Build.0 = Debug|x64
		{520F8FBD-B965-4F9B-ABA1-1AD6215123DD}.Debug|x86.ActiveCfg = Debug|Win32
		{520F8FBD-B965-4F9B-ABA1-1AD6215123DD}.Debug|x86.Build.0 = Debug|Win32
		{520F8FBD-B965-4F9B-ABA1-1AD6215123DD}.Release|x64.ActiveCfg = Release|x64
		{520F8FBD-B965-4F9B-ABA1-1AD6215123DD}.Release|x64.Build.0 = Release|x64
		{520F8FBD-B965-4F9B-ABA1-1AD6215123DD}.Release|x86.ActiveCfg = Release|Win32
		{520F8FBD-B965-4F9B-ABA1-1AD6215123DD}.Release|x86.Build.0 = Release|Win32
		{780DF2A9-058B-4DA8-B2BE-CE116E2F2A7C}.Debug|x64.ActiveCfg = Debug|x64
		{780DF2A9-058B-4DA8-B2BE-CE116E2F2A7C}.Debug|x64.Build.0 = Debug|x64
		{780DF2A9-058B-4DA8-B2BE-CE116E2F2A7C}.Debug|x86.ActiveCfg = Debug|Win32
		{780DF2A9-058B-4DA8-B2BE-CE116E2F2A7C}.Debug|x86.Build.0 = Debug|Win32
		{780DF2A9-058B-4DA8-B2BE-CE116E2F2A7C}.Release|x64.ActiveCfg = Release|x64
		{780DF2A9-058B-4DA8-B2BE-CE116E2F2A7C}.Release|x64.Build.0 = Release|x64
		{780DF2A9-058B-4DA8-B2BE-CE116E2F2A7C}.Release|x86.ActiveCfg = Release|Win32
		{780DF2A9-058B-4DA8-B2BE-CE116E2F2A7C}.Release|x86.Build.0 = Release|Win32
		{DBCB32E1-8BAD-46B2-B592-7130E53CC283}.Debug|x64.ActiveCfg = Debug|x64
		{DBCB32E1-8BAD-46B2-B592-7130E53CC283}.Debug|x64.Build.0 = Debug|x64
		{DBCB32E1-8BAD-46B2-B592-7130E53CC283}.Debug|x86.ActiveCfg = Debug|Win32
		{DBCB32E1-8BAD-46B2-B592-7130E53CC283}.Debug|x86.Build.0 = Debug|Win32
		{DBCB32E1-8BAD-46B2-B592-7130E53CC283}.Release|x64.ActiveCfg = Release|x64
		{DBCB32E1-8BAD-46B2-B592-7130E53CC283}.Release|x64.Build.0 = Release|x64
		{DBCB32E1-8BAD-46B2-B592-7130E53CC283}.Release|x86.ActiveCfg = Release|Win32
		{DBCB32E1-8BAD-46B2-B592-7130E53CC283}.Release|x86.Build.0 = Release|Win32
		{C091C7EE-3617-458B-B852-98CB28A996CD}.Debug|x64.ActiveCfg = Debug|x64
		{C091C7EE-3617-458B-B852-98CB28A996CD}.Debug|x64.Build.0 = Debug|x64
		{C091C7EE-3617-458B-B852-98CB28A996CD}.Debug|x86.ActiveCfg = Debug|Win32
		{C091C7EE-3617-458B-B852-98CB28A996CD}.Debug|x86.Build.0 = Debug|Win32
		{C091C7EE-3617-458B-B852-98CB28A996CD}.Release|x64.ActiveCfg = Release|x64
		{C091C7EE-3617-458B-B852-98CB28A996CD}.Release|x64.Build.0 = Release|x64
		{C091C7EE-3617-458B-B852-98CB28A996CD}.Release|x86.ActiveCfg = Release|Win32
		{C091C7EE-3617-458B-B852-98CB28A996CD}.Release|x86.Build.0 = Release|Win32
		{4C9ED470-8B41-4DC2-926C-AEF2DF0805B5}.Debug|x64.ActiveCfg = Debug|x64
		{4C9ED470-8B41-4DC2-926C-AEF2DF0805B5}.Debug|x64.Build.0 = Debug|x64
		{4C9ED470-8B41-4DC2-926C-AEF2DF0805B5}.Debug|x86.ActiveCfg = Debug|Win32
		{4C9ED470-8B41-4DC2-926C-AEF2DF0805B5}.Debug|x86.Build.0 = Debug|Win32
		{4C9ED470-8B41-4DC2-926C-AEF2DF0805B5}.Release|x64.ActiveCfg = Release|x64
		{4C9ED470-8B41-4DC2-926C-AEF2DF0805B5}.Release|x64.Build.0 = Release|x64
		{4C9ED470-8B41-4DC2-926C-AEF2DF0805B5}.Release|x86.ActiveCfg = Release|Win32
		{4C9ED470-8B41-4DC2-926C-AEF2DF0805B5}.Release|x86.Build.0 = Release|Win32
		{19699A44-C2FB-4E14-80D0-C936620B2EA8}.Debug|x64.ActiveCfg = Debug|x64
		{19699A44-C2FB-4E14-80D0-C936620B2EA8}.Debug|x64.Build.0 = Debug|x64
		{19699A44-C2FB-4E14-80D0-C936620B2EA8}.Debug|x86.ActiveCfg = Debug|Win32
		{19699A44-C2FB-4E14-80D0-C936620B2EA8}.Debug|x86.Build.0 = Debug|Win32
		{19699A44-C2FB-4E14-80D0-C936620B2EA8}.Release|x64.ActiveCfg = Release|x64
		{19699A44-C2FB-4E14-80D0-C936620B2EA8}.Release|x64.Build.0 = Release|x64
		{19699A44-C2FB-4E14-80D0-C936620B2EA8}.Release|x86.ActiveCfg = Release|Win32
		{19699A44-C2FB-4E14-80D0-C936620B2EA8}.Release|x86.Build.0 = Release|Win32
		{6C348300-43BF-4AC8-A904-47985CB8B4B5}.Debug|x64.ActiveCfg = Debug|x64
		{6C348300-43BF-4AC8-A904-47985CB8B4B5}.Debug|x64.Build.0 = Debug|x64
		{6C348300-43BF-4AC8-A904-47985CB8B4B5}.Debug|x86.ActiveCfg = Debug|Win32
		{6C348300-43BF-4AC8-A904-47985CB8B4B5}.Debug|x86.Build.0 = Debug|Win32
		{6C348300-43BF-4AC8-A904-47985CB8B4B5}.Release|x64.ActiveCfg = Release|x64
		{6C348300-43BF-4AC8-A904-47985CB8B4B5}.Release|x64.Build.0 = Release|x64
		{6C348300-43BF-4AC8-A904-47985CB8B4B5}.Release|x86.ActiveCfg = Release|Win32
		{6C348300-43BF-4AC8-A904-47985CB8B4B5}.Release|x86.Build.0 = Release|Win32
		{5BF008EF-DC76-477C-91C3-EADA4D830E97}.Debug|x64.ActiveCfg = Debug|x64
		{5BF008EF-DC76-477C-91C3-EADA4D830E97}.Debug|x64.Build.0 = Debug|x64
		{5BF008EF-DC76-477C-91C3-EADA4D830E97}.Debug|x86.ActiveCfg = Debug|Win32
		{5BF008EF-DC76-477C-91C3-EADA4D830E97}.Debug|x86.Build.0 = Debug|Win32
		{5BF008EF-DC76-477C-91C3-EADA4D830E97}.Release|x64.ActiveCfg = Release|x64
		{5BF008EF-DC76-477C-91C3-EADA4D830E97}.Release|x64.Build.0 = Release|x64
		{5BF008EF-DC76-477C-91C3-EADA4D830E97}.Release|x86.ActiveCfg = Release|Win32
		{5BF008EF-DC76-477C-91C3-EADA4D830E97}.Release|x86.Build.0 = Release|Win32
	EndGlobalSection
	GlobalSection(SolutionProperties) = preSolution
		HideSolutionNode = FALSE
	EndGlobalSection
	GlobalSection(ExtensibilityGlobals) = postSolution
		SolutionGuid = {9528EE33-D12C-4F97-B209-C72D77A4811D}
	EndGlobalSection
EndGlobal
