
Microsoft Visual Studio Solution File, Format Version 12.00
# Visual Studio Version 16
VisualStudioVersion = 16.0.31515.178
MinimumVisualStudioVersion = 10.0.40219.1
Project("{8BC9CEB8-8B4A-11D0-8D11-00A0C91BC942}") = "2178", "백준.vcxproj", "{972B4B7E-ED5C-4396-A1A6-C22B416B4733}"
EndProject
Project("{8BC9CEB8-8B4A-11D0-8D11-00A0C91BC942}") = "2667", "..\2667\2667.vcxproj", "{61BFABB8-9B57-4DE1-AAE4-678BD062C1FE}"
EndProject
Project("{8BC9CEB8-8B4A-11D0-8D11-00A0C91BC942}") = "1931", "..\1931\1931.vcxproj", "{068E3194-DEB6-42C4-A578-7A320F7CF757}"
EndProject
Project("{8BC9CEB8-8B4A-11D0-8D11-00A0C91BC942}") = "5567", "..\5567\5567.vcxproj", "{F337E6C7-5147-4431-9DD1-1F70439E3531}"
EndProject
Project("{8BC9CEB8-8B4A-11D0-8D11-00A0C91BC942}") = "17609", "..\17609\17609.vcxproj", "{9FAACC99-8853-4BAC-9CF7-7D0772193CB5}"
EndProject
Project("{8BC9CEB8-8B4A-11D0-8D11-00A0C91BC942}") = "1463", "..\1463\1463.vcxproj", "{31C269AE-DB33-4295-B0CC-A1471280388A}"
EndProject
Project("{8BC9CEB8-8B4A-11D0-8D11-00A0C91BC942}") = "1003", "..\2748\2748.vcxproj", "{EA49EB01-7740-430C-9B10-43A9BF1815FD}"
EndProject
Project("{8BC9CEB8-8B4A-11D0-8D11-00A0C91BC942}") = "1057", "..\1057\1057.vcxproj", "{A8BCF1AD-75F7-410D-A461-884FEFBCAEF7}"
EndProject
Project("{8BC9CEB8-8B4A-11D0-8D11-00A0C91BC942}") = "1929", "..\1929\1929.vcxproj", "{A55BDF41-FEDC-4FAD-ADE8-BF71DF515DEA}"
EndProject
Project("{8BC9CEB8-8B4A-11D0-8D11-00A0C91BC942}") = "11047", "..\11047\11047.vcxproj", "{4E291BCD-1B48-46BD-9571-96BC7E3E06BA}"
EndProject
Project("{8BC9CEB8-8B4A-11D0-8D11-00A0C91BC942}") = "11404", "..\11404\11404.vcxproj", "{0561C48F-0A95-4ED7-9141-AEBF6AD9C9EC}"
EndProject
Project("{8BC9CEB8-8B4A-11D0-8D11-00A0C91BC942}") = "14888", "..\14888\14888.vcxproj", "{AC3F9663-BB28-4931-BD91-34DCA05A208F}"
EndProject
Project("{8BC9CEB8-8B4A-11D0-8D11-00A0C91BC942}") = "11399", "..\11399\11399.vcxproj", "{6A3DA121-7E04-49A5-8954-0D2F4D12CF46}"
EndProject
Project("{8BC9CEB8-8B4A-11D0-8D11-00A0C91BC942}") = "1614", "..\1614\1614.vcxproj", "{520F8FBD-B965-4F9B-ABA1-1AD6215123DD}"
EndProject
Project("{8BC9CEB8-8B4A-11D0-8D11-00A0C91BC942}") = "9012", "..\9012\9012.vcxproj", "{780DF2A9-058B-4DA8-B2BE-CE116E2F2A7C}"
EndProject
Project("{8BC9CEB8-8B4A-11D0-8D11-00A0C91BC942}") = "2164", "..\2164\2164.vcxproj", "{DBCB32E1-8BAD-46B2-B592-7130E53CC283}"
EndProject
Project("{8BC9CEB8-8B4A-11D0-8D11-00A0C91BC942}") = "1920", "..\1920\1920.vcxproj", "{C091C7EE-3617-458B-B852-98CB28A996CD}"
EndProject
Project("{8BC9CEB8-8B4A-11D0-8D11-00A0C91BC942}") = "1012", "..\1012\1012.vcxproj", "{4C9ED470-8B41-4DC2-926C-AEF2DF0805B5}"
EndProject
Project("{8BC9CEB8-8B4A-11D0-8D11-00A0C91BC942}") = "9095", "..\9095\9095.vcxproj", "{19699A44-C2FB-4E14-80D0-C936620B2EA8}"
EndProject
Project("{8BC9CEB8-8B4A-11D0-8D11-00A0C91BC942}") = "2468", "..\2468\2468.vcxproj", "{6C348300-43BF-4AC8-A904-47985CB8B4B5}"
EndProject
Project("{8BC9CEB8-8B4A-11D0-8D11-00A0C91BC942}") = "1541", "..\1541\1541.vcxproj", "{5BF008EF-DC76-477C-91C3-EADA4D830E97}"
EndProject
Project("{8BC9CEB8-8B4A-11D0-8D11-00A0C91BC942}") = "18870", "..\18870\18870.vcxproj", "{0AFB8EEA-CF3C-4089-8A76-6A1A495D6704}"
EndProject
Project("{8BC9CEB8-8B4A-11D0-8D11-00A0C91BC942}") = "5052", "..\5052\5052.vcxproj", "{42592281-46CB-4C05-BAE5-B0E862D28354}"
EndProject
Project("{8BC9CEB8-8B4A-11D0-8D11-00A0C91BC942}") = "11726", "..\11726\11726.vcxproj", "{39BE8467-03F8-4329-9539-456BA14CF78B}"
EndProject
Project("{8BC9CEB8-8B4A-11D0-8D11-00A0C91BC942}") = "2156", "..\2156\2156.vcxproj", "{F2557457-AA37-4141-ABD3-A2E6DE906C1E}"
EndProject
Project("{8BC9CEB8-8B4A-11D0-8D11-00A0C91BC942}") = "11403", "..\11403\11403.vcxproj", "{716FBF87-B050-40CA-97EC-DCB5E013E486}"
EndProject
Project("{8BC9CEB8-8B4A-11D0-8D11-00A0C91BC942}") = "1946", "..\1946\1946.vcxproj", "{880B3E11-DDEE-4EBC-BC18-7C743A27EEB9}"
EndProject
Project("{8BC9CEB8-8B4A-11D0-8D11-00A0C91BC942}") = "1744", "..\1744\1744.vcxproj", "{B72E4FB2-EEA0-40B9-B4A1-80B18BD29ADD}"
EndProject
Project("{8BC9CEB8-8B4A-11D0-8D11-00A0C91BC942}") = "test", "..\test\test.vcxproj", "{C7D7DC4B-9497-43E5-AD1A-93CE01FE9F7E}"
EndProject
Project("{8BC9CEB8-8B4A-11D0-8D11-00A0C91BC942}") = "7576", "..\7576\7576.vcxproj", "{897B8E8D-8FF9-4AF1-9694-CACB8A6E9508}"
EndProject
Project("{8BC9CEB8-8B4A-11D0-8D11-00A0C91BC942}") = "1991", "..\1991\1991.vcxproj", "{08CE4BC1-652F-4E57-A02F-1401C655FFAA}"
EndProject
Project("{8BC9CEB8-8B4A-11D0-8D11-00A0C91BC942}") = "11724", "..\11724\11724.vcxproj", "{1E1E31D9-03A4-4641-BF27-B18C824D6BDB}"
EndProject
Project("{8BC9CEB8-8B4A-11D0-8D11-00A0C91BC942}") = "10773", "..\10773\10773.vcxproj", "{0BED8AC5-8632-4DE4-A810-0D4DC29E5527}"
EndProject
Project("{8BC9CEB8-8B4A-11D0-8D11-00A0C91BC942}") = "5430", "..\5430\5430.vcxproj", "{81AA2860-C444-4041-B679-1E131E901B83}"
EndProject
Project("{8BC9CEB8-8B4A-11D0-8D11-00A0C91BC942}") = "13335", "..\13335\13335.vcxproj", "{EDF4683A-9667-429C-B2EB-A15E8FA1010A}"
EndProject
Project("{8BC9CEB8-8B4A-11D0-8D11-00A0C91BC942}") = "11727", "..\11727\11727.vcxproj", "{CF4D38CF-2DDC-4148-83AE-8114B81F0E19}"
EndProject
Project("{8BC9CEB8-8B4A-11D0-8D11-00A0C91BC942}") = "11659", "..\11659\11659.vcxproj", "{B345EA75-9C45-428B-8895-582B293459C1}"
EndProject
Project("{8BC9CEB8-8B4A-11D0-8D11-00A0C91BC942}") = "10026", "..\10026\10026.vcxproj", "{65D454AC-146D-4189-A5F8-901C9791F965}"
EndProject
Project("{8BC9CEB8-8B4A-11D0-8D11-00A0C91BC942}") = "1753", "..\1753\1753.vcxproj", "{5354656A-29E3-4107-9C48-8904CA8203DA}"
EndProject
Project("{8BC9CEB8-8B4A-11D0-8D11-00A0C91BC942}") = "1916", "..\1916\1916.vcxproj", "{0978BF0B-E002-4A9B-801A-7E82044FA6A6}"
EndProject
Project("{8BC9CEB8-8B4A-11D0-8D11-00A0C91BC942}") = "1966", "..\1966\1966.vcxproj", "{9FC6F7EB-FB5A-4C62-9E7B-D1BE849C9043}"
EndProject
Project("{8BC9CEB8-8B4A-11D0-8D11-00A0C91BC942}") = "1987", "..\1987\1987.vcxproj", "{ED3131A7-8809-4112-A2AC-ABBF9637D07D}"
EndProject
Project("{8BC9CEB8-8B4A-11D0-8D11-00A0C91BC942}") = "1149", "..\1149\1149.vcxproj", "{8A26B691-96EC-47C0-BDB5-C08133014AC5}"
EndProject
Project("{8BC9CEB8-8B4A-11D0-8D11-00A0C91BC942}") = "11779", "..\11779\11779.vcxproj", "{9827B932-BD2E-4931-A172-C7600C4A2939}"
EndProject
Project("{8BC9CEB8-8B4A-11D0-8D11-00A0C91BC942}") = "11660", "..\11660\11660.vcxproj", "{457D300C-C1C1-4498-9D53-90F314AB0664}"
EndProject
Project("{8BC9CEB8-8B4A-11D0-8D11-00A0C91BC942}") = "16953", "..\16953\16953.vcxproj", "{210468E3-08AF-4051-9D07-5A568D005568}"
EndProject
Project("{8BC9CEB8-8B4A-11D0-8D11-00A0C91BC942}") = "1715", "..\1715\1715.vcxproj", "{C16F6E91-2FD4-4FAC-8B69-1448C3323A02}"
EndProject
Project("{8BC9CEB8-8B4A-11D0-8D11-00A0C91BC942}") = "1697", "..\1697\1697.vcxproj", "{6F14D047-98B5-4AD9-8B22-E67E6059F74A}"
EndProject
Project("{8BC9CEB8-8B4A-11D0-8D11-00A0C91BC942}") = "2579", "..\2579\2579.vcxproj", "{ED316F31-1445-4957-AB5B-D29F48BAE0E3}"
EndProject
Project("{8BC9CEB8-8B4A-11D0-8D11-00A0C91BC942}") = "2470", "..\2470\2470.vcxproj", "{1180E998-35B9-47C5-8245-013C618D81EE}"
EndProject
Project("{8BC9CEB8-8B4A-11D0-8D11-00A0C91BC942}") = "2504", "..\2504\2504.vcxproj", "{2A3471EE-C571-41B3-86F5-AA9204E84BBA}"
EndProject
Project("{8BC9CEB8-8B4A-11D0-8D11-00A0C91BC942}") = "1743", "..\1743\1743.vcxproj", "{883F8435-8625-49E9-BB39-1C530D7BABEA}"
EndProject
Project("{8BC9CEB8-8B4A-11D0-8D11-00A0C91BC942}") = "2638", "..\2638\2638.vcxproj", "{B95855BA-22B2-4325-A5CB-70BC809C62D3}"
EndProject
Project("{8BC9CEB8-8B4A-11D0-8D11-00A0C91BC942}") = "2294", "..\2294\2294.vcxproj", "{62E28E71-FB48-46D7-9A4A-D4F677BA8FD2}"
EndProject
Project("{8BC9CEB8-8B4A-11D0-8D11-00A0C91BC942}") = "14719", "..\14719\14719.vcxproj", "{BABD546F-A705-4F83-9E60-E682AB923A5F}"
EndProject
Project("{8BC9CEB8-8B4A-11D0-8D11-00A0C91BC942}") = "9663", "..\9663\9663.vcxproj", "{7A4BBD98-8F25-4E13-99E8-417D09E10D19}"
EndProject
Project("{8BC9CEB8-8B4A-11D0-8D11-00A0C91BC942}") = "6603", "..\6603\6603.vcxproj", "{46C69C80-E8C8-4174-BB4C-0D2ED9C92E8B}"
EndProject
Project("{8BC9CEB8-8B4A-11D0-8D11-00A0C91BC942}") = "조합론", "..\조합론\조합론.vcxproj", "{A0464D62-0B5A-4A50-A622-8443A2935A05}"
EndProject
Project("{8BC9CEB8-8B4A-11D0-8D11-00A0C91BC942}") = "1759", "..\1759\1759.vcxproj", "{ABF1792F-E5A1-4E73-86BD-517870295F64}"
EndProject
Project("{8BC9CEB8-8B4A-11D0-8D11-00A0C91BC942}") = "12851", "..\12851\12851.vcxproj", "{47CDBB1A-F22F-4936-B792-F38C57D0FF0F}"
EndProject
Project("{8BC9CEB8-8B4A-11D0-8D11-00A0C91BC942}") = "14503", "..\14503\14503.vcxproj", "{79CF5109-04C9-4E74-85E4-C0E8FF555DFB}"
EndProject
Global
	GlobalSection(SolutionConfigurationPlatforms) = preSolution
		Debug|x64 = Debug|x64
		Debug|x86 = Debug|x86
		Release|x64 = Release|x64
		Release|x86 = Release|x86
	EndGlobalSection
	GlobalSection(ProjectConfigurationPlatforms) = postSolution
		{972B4B7E-ED5C-4396-A1A6-C22B416B4733}.Debug|x64.ActiveCfg = Debug|x64
		{972B4B7E-ED5C-4396-A1A6-C22B416B4733}.Debug|x64.Build.0 = Debug|x64
		{972B4B7E-ED5C-4396-A1A6-C22B416B4733}.Debug|x86.ActiveCfg = Debug|Win32
		{972B4B7E-ED5C-4396-A1A6-C22B416B4733}.Debug|x86.Build.0 = Debug|Win32
		{972B4B7E-ED5C-4396-A1A6-C22B416B4733}.Release|x64.ActiveCfg = Release|x64
		{972B4B7E-ED5C-4396-A1A6-C22B416B4733}.Release|x64.Build.0 = Release|x64
		{972B4B7E-ED5C-4396-A1A6-C22B416B4733}.Release|x86.ActiveCfg = Release|Win32
		{972B4B7E-ED5C-4396-A1A6-C22B416B4733}.Release|x86.Build.0 = Release|Win32
		{61BFABB8-9B57-4DE1-AAE4-678BD062C1FE}.Debug|x64.ActiveCfg = Debug|x64
		{61BFABB8-9B57-4DE1-AAE4-678BD062C1FE}.Debug|x64.Build.0 = Debug|x64
		{61BFABB8-9B57-4DE1-AAE4-678BD062C1FE}.Debug|x86.ActiveCfg = Debug|Win32
		{61BFABB8-9B57-4DE1-AAE4-678BD062C1FE}.Debug|x86.Build.0 = Debug|Win32
		{61BFABB8-9B57-4DE1-AAE4-678BD062C1FE}.Release|x64.ActiveCfg = Release|x64
		{61BFABB8-9B57-4DE1-AAE4-678BD062C1FE}.Release|x64.Build.0 = Release|x64
		{61BFABB8-9B57-4DE1-AAE4-678BD062C1FE}.Release|x86.ActiveCfg = Release|Win32
		{61BFABB8-9B57-4DE1-AAE4-678BD062C1FE}.Release|x86.Build.0 = Release|Win32
		{068E3194-DEB6-42C4-A578-7A320F7CF757}.Debug|x64.ActiveCfg = Debug|x64
		{068E3194-DEB6-42C4-A578-7A320F7CF757}.Debug|x64.Build.0 = Debug|x64
		{068E3194-DEB6-42C4-A578-7A320F7CF757}.Debug|x86.ActiveCfg = Debug|Win32
		{068E3194-DEB6-42C4-A578-7A320F7CF757}.Debug|x86.Build.0 = Debug|Win32
		{068E3194-DEB6-42C4-A578-7A320F7CF757}.Release|x64.ActiveCfg = Release|x64
		{068E3194-DEB6-42C4-A578-7A320F7CF757}.Release|x64.Build.0 = Release|x64
		{068E3194-DEB6-42C4-A578-7A320F7CF757}.Release|x86.ActiveCfg = Release|Win32
		{068E3194-DEB6-42C4-A578-7A320F7CF757}.Release|x86.Build.0 = Release|Win32
		{F337E6C7-5147-4431-9DD1-1F70439E3531}.Debug|x64.ActiveCfg = Debug|x64
		{F337E6C7-5147-4431-9DD1-1F70439E3531}.Debug|x64.Build.0 = Debug|x64
		{F337E6C7-5147-4431-9DD1-1F70439E3531}.Debug|x86.ActiveCfg = Debug|Win32
		{F337E6C7-5147-4431-9DD1-1F70439E3531}.Debug|x86.Build.0 = Debug|Win32
		{F337E6C7-5147-4431-9DD1-1F70439E3531}.Release|x64.ActiveCfg = Release|x64
		{F337E6C7-5147-4431-9DD1-1F70439E3531}.Release|x64.Build.0 = Release|x64
		{F337E6C7-5147-4431-9DD1-1F70439E3531}.Release|x86.ActiveCfg = Release|Win32
		{F337E6C7-5147-4431-9DD1-1F70439E3531}.Release|x86.Build.0 = Release|Win32
		{9FAACC99-8853-4BAC-9CF7-7D0772193CB5}.Debug|x64.ActiveCfg = Debug|x64
		{9FAACC99-8853-4BAC-9CF7-7D0772193CB5}.Debug|x64.Build.0 = Debug|x64
		{9FAACC99-8853-4BAC-9CF7-7D0772193CB5}.Debug|x86.ActiveCfg = Debug|Win32
		{9FAACC99-8853-4BAC-9CF7-7D0772193CB5}.Debug|x86.Build.0 = Debug|Win32
		{9FAACC99-8853-4BAC-9CF7-7D0772193CB5}.Release|x64.ActiveCfg = Release|x64
		{9FAACC99-8853-4BAC-9CF7-7D0772193CB5}.Release|x64.Build.0 = Release|x64
		{9FAACC99-8853-4BAC-9CF7-7D0772193CB5}.Release|x86.ActiveCfg = Release|Win32
		{9FAACC99-8853-4BAC-9CF7-7D0772193CB5}.Release|x86.Build.0 = Release|Win32
		{31C269AE-DB33-4295-B0CC-A1471280388A}.Debug|x64.ActiveCfg = Debug|x64
		{31C269AE-DB33-4295-B0CC-A1471280388A}.Debug|x64.Build.0 = Debug|x64
		{31C269AE-DB33-4295-B0CC-A1471280388A}.Debug|x86.ActiveCfg = Debug|Win32
		{31C269AE-DB33-4295-B0CC-A1471280388A}.Debug|x86.Build.0 = Debug|Win32
		{31C269AE-DB33-4295-B0CC-A1471280388A}.Release|x64.ActiveCfg = Release|x64
		{31C269AE-DB33-4295-B0CC-A1471280388A}.Release|x64.Build.0 = Release|x64
		{31C269AE-DB33-4295-B0CC-A1471280388A}.Release|x86.ActiveCfg = Release|Win32
		{31C269AE-DB33-4295-B0CC-A1471280388A}.Release|x86.Build.0 = Release|Win32
		{EA49EB01-7740-430C-9B10-43A9BF1815FD}.Debug|x64.ActiveCfg = Debug|x64
		{EA49EB01-7740-430C-9B10-43A9BF1815FD}.Debug|x64.Build.0 = Debug|x64
		{EA49EB01-7740-430C-9B10-43A9BF1815FD}.Debug|x86.ActiveCfg = Debug|Win32
		{EA49EB01-7740-430C-9B10-43A9BF1815FD}.Debug|x86.Build.0 = Debug|Win32
		{EA49EB01-7740-430C-9B10-43A9BF1815FD}.Release|x64.ActiveCfg = Release|x64
		{EA49EB01-7740-430C-9B10-43A9BF1815FD}.Release|x64.Build.0 = Release|x64
		{EA49EB01-7740-430C-9B10-43A9BF1815FD}.Release|x86.ActiveCfg = Release|Win32
		{EA49EB01-7740-430C-9B10-43A9BF1815FD}.Release|x86.Build.0 = Release|Win32
		{A8BCF1AD-75F7-410D-A461-884FEFBCAEF7}.Debug|x64.ActiveCfg = Debug|x64
		{A8BCF1AD-75F7-410D-A461-884FEFBCAEF7}.Debug|x64.Build.0 = Debug|x64
		{A8BCF1AD-75F7-410D-A461-884FEFBCAEF7}.Debug|x86.ActiveCfg = Debug|Win32
		{A8BCF1AD-75F7-410D-A461-884FEFBCAEF7}.Debug|x86.Build.0 = Debug|Win32
		{A8BCF1AD-75F7-410D-A461-884FEFBCAEF7}.Release|x64.ActiveCfg = Release|x64
		{A8BCF1AD-75F7-410D-A461-884FEFBCAEF7}.Release|x64.Build.0 = Release|x64
		{A8BCF1AD-75F7-410D-A461-884FEFBCAEF7}.Release|x86.ActiveCfg = Release|Win32
		{A8BCF1AD-75F7-410D-A461-884FEFBCAEF7}.Release|x86.Build.0 = Release|Win32
		{A55BDF41-FEDC-4FAD-ADE8-BF71DF515DEA}.Debug|x64.ActiveCfg = Debug|x64
		{A55BDF41-FEDC-4FAD-ADE8-BF71DF515DEA}.Debug|x64.Build.0 = Debug|x64
		{A55BDF41-FEDC-4FAD-ADE8-BF71DF515DEA}.Debug|x86.ActiveCfg = Debug|Win32
		{A55BDF41-FEDC-4FAD-ADE8-BF71DF515DEA}.Debug|x86.Build.0 = Debug|Win32
		{A55BDF41-FEDC-4FAD-ADE8-BF71DF515DEA}.Release|x64.ActiveCfg = Release|x64
		{A55BDF41-FEDC-4FAD-ADE8-BF71DF515DEA}.Release|x64.Build.0 = Release|x64
		{A55BDF41-FEDC-4FAD-ADE8-BF71DF515DEA}.Release|x86.ActiveCfg = Release|Win32
		{A55BDF41-FEDC-4FAD-ADE8-BF71DF515DEA}.Release|x86.Build.0 = Release|Win32
		{4E291BCD-1B48-46BD-9571-96BC7E3E06BA}.Debug|x64.ActiveCfg = Debug|x64
		{4E291BCD-1B48-46BD-9571-96BC7E3E06BA}.Debug|x64.Build.0 = Debug|x64
		{4E291BCD-1B48-46BD-9571-96BC7E3E06BA}.Debug|x86.ActiveCfg = Debug|Win32
		{4E291BCD-1B48-46BD-9571-96BC7E3E06BA}.Debug|x86.Build.0 = Debug|Win32
		{4E291BCD-1B48-46BD-9571-96BC7E3E06BA}.Release|x64.ActiveCfg = Release|x64
		{4E291BCD-1B48-46BD-9571-96BC7E3E06BA}.Release|x64.Build.0 = Release|x64
		{4E291BCD-1B48-46BD-9571-96BC7E3E06BA}.Release|x86.ActiveCfg = Release|Win32
		{4E291BCD-1B48-46BD-9571-96BC7E3E06BA}.Release|x86.Build.0 = Release|Win32
		{0561C48F-0A95-4ED7-9141-AEBF6AD9C9EC}.Debug|x64.ActiveCfg = Debug|x64
		{0561C48F-0A95-4ED7-9141-AEBF6AD9C9EC}.Debug|x64.Build.0 = Debug|x64
		{0561C48F-0A95-4ED7-9141-AEBF6AD9C9EC}.Debug|x86.ActiveCfg = Debug|Win32
		{0561C48F-0A95-4ED7-9141-AEBF6AD9C9EC}.Debug|x86.Build.0 = Debug|Win32
		{0561C48F-0A95-4ED7-9141-AEBF6AD9C9EC}.Release|x64.ActiveCfg = Release|x64
		{0561C48F-0A95-4ED7-9141-AEBF6AD9C9EC}.Release|x64.Build.0 = Release|x64
		{0561C48F-0A95-4ED7-9141-AEBF6AD9C9EC}.Release|x86.ActiveCfg = Release|Win32
		{0561C48F-0A95-4ED7-9141-AEBF6AD9C9EC}.Release|x86.Build.0 = Release|Win32
		{AC3F9663-BB28-4931-BD91-34DCA05A208F}.Debug|x64.ActiveCfg = Debug|x64
		{AC3F9663-BB28-4931-BD91-34DCA05A208F}.Debug|x64.Build.0 = Debug|x64
		{AC3F9663-BB28-4931-BD91-34DCA05A208F}.Debug|x86.ActiveCfg = Debug|Win32
		{AC3F9663-BB28-4931-BD91-34DCA05A208F}.Debug|x86.Build.0 = Debug|Win32
		{AC3F9663-BB28-4931-BD91-34DCA05A208F}.Release|x64.ActiveCfg = Release|x64
		{AC3F9663-BB28-4931-BD91-34DCA05A208F}.Release|x64.Build.0 = Release|x64
		{AC3F9663-BB28-4931-BD91-34DCA05A208F}.Release|x86.ActiveCfg = Release|Win32
		{AC3F9663-BB28-4931-BD91-34DCA05A208F}.Release|x86.Build.0 = Release|Win32
		{6A3DA121-7E04-49A5-8954-0D2F4D12CF46}.Debug|x64.ActiveCfg = Debug|x64
		{6A3DA121-7E04-49A5-8954-0D2F4D12CF46}.Debug|x64.Build.0 = Debug|x64
		{6A3DA121-7E04-49A5-8954-0D2F4D12CF46}.Debug|x86.ActiveCfg = Debug|Win32
		{6A3DA121-7E04-49A5-8954-0D2F4D12CF46}.Debug|x86.Build.0 = Debug|Win32
		{6A3DA121-7E04-49A5-8954-0D2F4D12CF46}.Release|x64.ActiveCfg = Release|x64
		{6A3DA121-7E04-49A5-8954-0D2F4D12CF46}.Release|x64.Build.0 = Release|x64
		{6A3DA121-7E04-49A5-8954-0D2F4D12CF46}.Release|x86.ActiveCfg = Release|Win32
		{6A3DA121-7E04-49A5-8954-0D2F4D12CF46}.Release|x86.Build.0 = Release|Win32
		{520F8FBD-B965-4F9B-ABA1-1AD6215123DD}.Debug|x64.ActiveCfg = Debug|x64
		{520F8FBD-B965-4F9B-ABA1-1AD6215123DD}.Debug|x64.Build.0 = Debug|x64
		{520F8FBD-B965-4F9B-ABA1-1AD6215123DD}.Debug|x86.ActiveCfg = Debug|Win32
		{520F8FBD-B965-4F9B-ABA1-1AD6215123DD}.Debug|x86.Build.0 = Debug|Win32
		{520F8FBD-B965-4F9B-ABA1-1AD6215123DD}.Release|x64.ActiveCfg = Release|x64
		{520F8FBD-B965-4F9B-ABA1-1AD6215123DD}.Release|x64.Build.0 = Release|x64
		{520F8FBD-B965-4F9B-ABA1-1AD6215123DD}.Release|x86.ActiveCfg = Release|Win32
		{520F8FBD-B965-4F9B-ABA1-1AD6215123DD}.Release|x86.Build.0 = Release|Win32
		{780DF2A9-058B-4DA8-B2BE-CE116E2F2A7C}.Debug|x64.ActiveCfg = Debug|x64
		{780DF2A9-058B-4DA8-B2BE-CE116E2F2A7C}.Debug|x64.Build.0 = Debug|x64
		{780DF2A9-058B-4DA8-B2BE-CE116E2F2A7C}.Debug|x86.ActiveCfg = Debug|Win32
		{780DF2A9-058B-4DA8-B2BE-CE116E2F2A7C}.Debug|x86.Build.0 = Debug|Win32
		{780DF2A9-058B-4DA8-B2BE-CE116E2F2A7C}.Release|x64.ActiveCfg = Release|x64
		{780DF2A9-058B-4DA8-B2BE-CE116E2F2A7C}.Release|x64.Build.0 = Release|x64
		{780DF2A9-058B-4DA8-B2BE-CE116E2F2A7C}.Release|x86.ActiveCfg = Release|Win32
		{780DF2A9-058B-4DA8-B2BE-CE116E2F2A7C}.Release|x86.Build.0 = Release|Win32
		{DBCB32E1-8BAD-46B2-B592-7130E53CC283}.Debug|x64.ActiveCfg = Debug|x64
		{DBCB32E1-8BAD-46B2-B592-7130E53CC283}.Debug|x64.Build.0 = Debug|x64
		{DBCB32E1-8BAD-46B2-B592-7130E53CC283}.Debug|x86.ActiveCfg = Debug|Win32
		{DBCB32E1-8BAD-46B2-B592-7130E53CC283}.Debug|x86.Build.0 = Debug|Win32
		{DBCB32E1-8BAD-46B2-B592-7130E53CC283}.Release|x64.ActiveCfg = Release|x64
		{DBCB32E1-8BAD-46B2-B592-7130E53CC283}.Release|x64.Build.0 = Release|x64
		{DBCB32E1-8BAD-46B2-B592-7130E53CC283}.Release|x86.ActiveCfg = Release|Win32
		{DBCB32E1-8BAD-46B2-B592-7130E53CC283}.Release|x86.Build.0 = Release|Win32
		{C091C7EE-3617-458B-B852-98CB28A996CD}.Debug|x64.ActiveCfg = Debug|x64
		{C091C7EE-3617-458B-B852-98CB28A996CD}.Debug|x64.Build.0 = Debug|x64
		{C091C7EE-3617-458B-B852-98CB28A996CD}.Debug|x86.ActiveCfg = Debug|Win32
		{C091C7EE-3617-458B-B852-98CB28A996CD}.Debug|x86.Build.0 = Debug|Win32
		{C091C7EE-3617-458B-B852-98CB28A996CD}.Release|x64.ActiveCfg = Release|x64
		{C091C7EE-3617-458B-B852-98CB28A996CD}.Release|x64.Build.0 = Release|x64
		{C091C7EE-3617-458B-B852-98CB28A996CD}.Release|x86.ActiveCfg = Release|Win32
		{C091C7EE-3617-458B-B852-98CB28A996CD}.Release|x86.Build.0 = Release|Win32
		{4C9ED470-8B41-4DC2-926C-AEF2DF0805B5}.Debug|x64.ActiveCfg = Debug|x64
		{4C9ED470-8B41-4DC2-926C-AEF2DF0805B5}.Debug|x64.Build.0 = Debug|x64
		{4C9ED470-8B41-4DC2-926C-AEF2DF0805B5}.Debug|x86.ActiveCfg = Debug|Win32
		{4C9ED470-8B41-4DC2-926C-AEF2DF0805B5}.Debug|x86.Build.0 = Debug|Win32
		{4C9ED470-8B41-4DC2-926C-AEF2DF0805B5}.Release|x64.ActiveCfg = Release|x64
		{4C9ED470-8B41-4DC2-926C-AEF2DF0805B5}.Release|x64.Build.0 = Release|x64
		{4C9ED470-8B41-4DC2-926C-AEF2DF0805B5}.Release|x86.ActiveCfg = Release|Win32
		{4C9ED470-8B41-4DC2-926C-AEF2DF0805B5}.Release|x86.Build.0 = Release|Win32
		{19699A44-C2FB-4E14-80D0-C936620B2EA8}.Debug|x64.ActiveCfg = Debug|x64
		{19699A44-C2FB-4E14-80D0-C936620B2EA8}.Debug|x64.Build.0 = Debug|x64
		{19699A44-C2FB-4E14-80D0-C936620B2EA8}.Debug|x86.ActiveCfg = Debug|Win32
		{19699A44-C2FB-4E14-80D0-C936620B2EA8}.Debug|x86.Build.0 = Debug|Win32
		{19699A44-C2FB-4E14-80D0-C936620B2EA8}.Release|x64.ActiveCfg = Release|x64
		{19699A44-C2FB-4E14-80D0-C936620B2EA8}.Release|x64.Build.0 = Release|x64
		{19699A44-C2FB-4E14-80D0-C936620B2EA8}.Release|x86.ActiveCfg = Release|Win32
		{19699A44-C2FB-4E14-80D0-C936620B2EA8}.Release|x86.Build.0 = Release|Win32
		{6C348300-43BF-4AC8-A904-47985CB8B4B5}.Debug|x64.ActiveCfg = Debug|x64
		{6C348300-43BF-4AC8-A904-47985CB8B4B5}.Debug|x64.Build.0 = Debug|x64
		{6C348300-43BF-4AC8-A904-47985CB8B4B5}.Debug|x86.ActiveCfg = Debug|Win32
		{6C348300-43BF-4AC8-A904-47985CB8B4B5}.Debug|x86.Build.0 = Debug|Win32
		{6C348300-43BF-4AC8-A904-47985CB8B4B5}.Release|x64.ActiveCfg = Release|x64
		{6C348300-43BF-4AC8-A904-47985CB8B4B5}.Release|x64.Build.0 = Release|x64
		{6C348300-43BF-4AC8-A904-47985CB8B4B5}.Release|x86.ActiveCfg = Release|Win32
		{6C348300-43BF-4AC8-A904-47985CB8B4B5}.Release|x86.Build.0 = Release|Win32
		{5BF008EF-DC76-477C-91C3-EADA4D830E97}.Debug|x64.ActiveCfg = Debug|x64
		{5BF008EF-DC76-477C-91C3-EADA4D830E97}.Debug|x64.Build.0 = Debug|x64
		{5BF008EF-DC76-477C-91C3-EADA4D830E97}.Debug|x86.ActiveCfg = Debug|Win32
		{5BF008EF-DC76-477C-91C3-EADA4D830E97}.Debug|x86.Build.0 = Debug|Win32
		{5BF008EF-DC76-477C-91C3-EADA4D830E97}.Release|x64.ActiveCfg = Release|x64
		{5BF008EF-DC76-477C-91C3-EADA4D830E97}.Release|x64.Build.0 = Release|x64
		{5BF008EF-DC76-477C-91C3-EADA4D830E97}.Release|x86.ActiveCfg = Release|Win32
		{5BF008EF-DC76-477C-91C3-EADA4D830E97}.Release|x86.Build.0 = Release|Win32
		{0AFB8EEA-CF3C-4089-8A76-6A1A495D6704}.Debug|x64.ActiveCfg = Debug|x64
		{0AFB8EEA-CF3C-4089-8A76-6A1A495D6704}.Debug|x64.Build.0 = Debug|x64
		{0AFB8EEA-CF3C-4089-8A76-6A1A495D6704}.Debug|x86.ActiveCfg = Debug|Win32
		{0AFB8EEA-CF3C-4089-8A76-6A1A495D6704}.Debug|x86.Build.0 = Debug|Win32
		{0AFB8EEA-CF3C-4089-8A76-6A1A495D6704}.Release|x64.ActiveCfg = Release|x64
		{0AFB8EEA-CF3C-4089-8A76-6A1A495D6704}.Release|x64.Build.0 = Release|x64
		{0AFB8EEA-CF3C-4089-8A76-6A1A495D6704}.Release|x86.ActiveCfg = Release|Win32
		{0AFB8EEA-CF3C-4089-8A76-6A1A495D6704}.Release|x86.Build.0 = Release|Win32
		{42592281-46CB-4C05-BAE5-B0E862D28354}.Debug|x64.ActiveCfg = Debug|x64
		{42592281-46CB-4C05-BAE5-B0E862D28354}.Debug|x64.Build.0 = Debug|x64
		{42592281-46CB-4C05-BAE5-B0E862D28354}.Debug|x86.ActiveCfg = Debug|Win32
		{42592281-46CB-4C05-BAE5-B0E862D28354}.Debug|x86.Build.0 = Debug|Win32
		{42592281-46CB-4C05-BAE5-B0E862D28354}.Release|x64.ActiveCfg = Release|x64
		{42592281-46CB-4C05-BAE5-B0E862D28354}.Release|x64.Build.0 = Release|x64
		{42592281-46CB-4C05-BAE5-B0E862D28354}.Release|x86.ActiveCfg = Release|Win32
		{42592281-46CB-4C05-BAE5-B0E862D28354}.Release|x86.Build.0 = Release|Win32
		{39BE8467-03F8-4329-9539-456BA14CF78B}.Debug|x64.ActiveCfg = Debug|x64
		{39BE8467-03F8-4329-9539-456BA14CF78B}.Debug|x64.Build.0 = Debug|x64
		{39BE8467-03F8-4329-9539-456BA14CF78B}.Debug|x86.ActiveCfg = Debug|Win32
		{39BE8467-03F8-4329-9539-456BA14CF78B}.Debug|x86.Build.0 = Debug|Win32
		{39BE8467-03F8-4329-9539-456BA14CF78B}.Release|x64.ActiveCfg = Release|x64
		{39BE8467-03F8-4329-9539-456BA14CF78B}.Release|x64.Build.0 = Release|x64
		{39BE8467-03F8-4329-9539-456BA14CF78B}.Release|x86.ActiveCfg = Release|Win32
		{39BE8467-03F8-4329-9539-456BA14CF78B}.Release|x86.Build.0 = Release|Win32
		{F2557457-AA37-4141-ABD3-A2E6DE906C1E}.Debug|x64.ActiveCfg = Debug|x64
		{F2557457-AA37-4141-ABD3-A2E6DE906C1E}.Debug|x64.Build.0 = Debug|x64
		{F2557457-AA37-4141-ABD3-A2E6DE906C1E}.Debug|x86.ActiveCfg = Debug|Win32
		{F2557457-AA37-4141-ABD3-A2E6DE906C1E}.Debug|x86.Build.0 = Debug|Win32
		{F2557457-AA37-4141-ABD3-A2E6DE906C1E}.Release|x64.ActiveCfg = Release|x64
		{F2557457-AA37-4141-ABD3-A2E6DE906C1E}.Release|x64.Build.0 = Release|x64
		{F2557457-AA37-4141-ABD3-A2E6DE906C1E}.Release|x86.ActiveCfg = Release|Win32
		{F2557457-AA37-4141-ABD3-A2E6DE906C1E}.Release|x86.Build.0 = Release|Win32
		{716FBF87-B050-40CA-97EC-DCB5E013E486}.Debug|x64.ActiveCfg = Debug|x64
		{716FBF87-B050-40CA-97EC-DCB5E013E486}.Debug|x64.Build.0 = Debug|x64
		{716FBF87-B050-40CA-97EC-DCB5E013E486}.Debug|x86.ActiveCfg = Debug|Win32
		{716FBF87-B050-40CA-97EC-DCB5E013E486}.Debug|x86.Build.0 = Debug|Win32
		{716FBF87-B050-40CA-97EC-DCB5E013E486}.Release|x64.ActiveCfg = Release|x64
		{716FBF87-B050-40CA-97EC-DCB5E013E486}.Release|x64.Build.0 = Release|x64
		{716FBF87-B050-40CA-97EC-DCB5E013E486}.Release|x86.ActiveCfg = Release|Win32
		{716FBF87-B050-40CA-97EC-DCB5E013E486}.Release|x86.Build.0 = Release|Win32
		{880B3E11-DDEE-4EBC-BC18-7C743A27EEB9}.Debug|x64.ActiveCfg = Debug|x64
		{880B3E11-DDEE-4EBC-BC18-7C743A27EEB9}.Debug|x64.Build.0 = Debug|x64
		{880B3E11-DDEE-4EBC-BC18-7C743A27EEB9}.Debug|x86.ActiveCfg = Debug|Win32
		{880B3E11-DDEE-4EBC-BC18-7C743A27EEB9}.Debug|x86.Build.0 = Debug|Win32
		{880B3E11-DDEE-4EBC-BC18-7C743A27EEB9}.Release|x64.ActiveCfg = Release|x64
		{880B3E11-DDEE-4EBC-BC18-7C743A27EEB9}.Release|x64.Build.0 = Release|x64
		{880B3E11-DDEE-4EBC-BC18-7C743A27EEB9}.Release|x86.ActiveCfg = Release|Win32
		{880B3E11-DDEE-4EBC-BC18-7C743A27EEB9}.Release|x86.Build.0 = Release|Win32
		{B72E4FB2-EEA0-40B9-B4A1-80B18BD29ADD}.Debug|x64.ActiveCfg = Debug|x64
		{B72E4FB2-EEA0-40B9-B4A1-80B18BD29ADD}.Debug|x64.Build.0 = Debug|x64
		{B72E4FB2-EEA0-40B9-B4A1-80B18BD29ADD}.Debug|x86.ActiveCfg = Debug|Win32
		{B72E4FB2-EEA0-40B9-B4A1-80B18BD29ADD}.Debug|x86.Build.0 = Debug|Win32
		{B72E4FB2-EEA0-40B9-B4A1-80B18BD29ADD}.Release|x64.ActiveCfg = Release|x64
		{B72E4FB2-EEA0-40B9-B4A1-80B18BD29ADD}.Release|x64.Build.0 = Release|x64
		{B72E4FB2-EEA0-40B9-B4A1-80B18BD29ADD}.Release|x86.ActiveCfg = Release|Win32
		{B72E4FB2-EEA0-40B9-B4A1-80B18BD29ADD}.Release|x86.Build.0 = Release|Win32
		{C7D7DC4B-9497-43E5-AD1A-93CE01FE9F7E}.Debug|x64.ActiveCfg = Debug|x64
		{C7D7DC4B-9497-43E5-AD1A-93CE01FE9F7E}.Debug|x64.Build.0 = Debug|x64
		{C7D7DC4B-9497-43E5-AD1A-93CE01FE9F7E}.Debug|x86.ActiveCfg = Debug|Win32
		{C7D7DC4B-9497-43E5-AD1A-93CE01FE9F7E}.Debug|x86.Build.0 = Debug|Win32
		{C7D7DC4B-9497-43E5-AD1A-93CE01FE9F7E}.Release|x64.ActiveCfg = Release|x64
		{C7D7DC4B-9497-43E5-AD1A-93CE01FE9F7E}.Release|x64.Build.0 = Release|x64
		{C7D7DC4B-9497-43E5-AD1A-93CE01FE9F7E}.Release|x86.ActiveCfg = Release|Win32
		{C7D7DC4B-9497-43E5-AD1A-93CE01FE9F7E}.Release|x86.Build.0 = Release|Win32
		{897B8E8D-8FF9-4AF1-9694-CACB8A6E9508}.Debug|x64.ActiveCfg = Debug|x64
		{897B8E8D-8FF9-4AF1-9694-CACB8A6E9508}.Debug|x64.Build.0 = Debug|x64
		{897B8E8D-8FF9-4AF1-9694-CACB8A6E9508}.Debug|x86.ActiveCfg = Debug|Win32
		{897B8E8D-8FF9-4AF1-9694-CACB8A6E9508}.Debug|x86.Build.0 = Debug|Win32
		{897B8E8D-8FF9-4AF1-9694-CACB8A6E9508}.Release|x64.ActiveCfg = Release|x64
		{897B8E8D-8FF9-4AF1-9694-CACB8A6E9508}.Release|x64.Build.0 = Release|x64
		{897B8E8D-8FF9-4AF1-9694-CACB8A6E9508}.Release|x86.ActiveCfg = Release|Win32
		{897B8E8D-8FF9-4AF1-9694-CACB8A6E9508}.Release|x86.Build.0 = Release|Win32
		{08CE4BC1-652F-4E57-A02F-1401C655FFAA}.Debug|x64.ActiveCfg = Debug|x64
		{08CE4BC1-652F-4E57-A02F-1401C655FFAA}.Debug|x64.Build.0 = Debug|x64
		{08CE4BC1-652F-4E57-A02F-1401C655FFAA}.Debug|x86.ActiveCfg = Debug|Win32
		{08CE4BC1-652F-4E57-A02F-1401C655FFAA}.Debug|x86.Build.0 = Debug|Win32
		{08CE4BC1-652F-4E57-A02F-1401C655FFAA}.Release|x64.ActiveCfg = Release|x64
		{08CE4BC1-652F-4E57-A02F-1401C655FFAA}.Release|x64.Build.0 = Release|x64
		{08CE4BC1-652F-4E57-A02F-1401C655FFAA}.Release|x86.ActiveCfg = Release|Win32
		{08CE4BC1-652F-4E57-A02F-1401C655FFAA}.Release|x86.Build.0 = Release|Win32
		{1E1E31D9-03A4-4641-BF27-B18C824D6BDB}.Debug|x64.ActiveCfg = Debug|x64
		{1E1E31D9-03A4-4641-BF27-B18C824D6BDB}.Debug|x64.Build.0 = Debug|x64
		{1E1E31D9-03A4-4641-BF27-B18C824D6BDB}.Debug|x86.ActiveCfg = Debug|Win32
		{1E1E31D9-03A4-4641-BF27-B18C824D6BDB}.Debug|x86.Build.0 = Debug|Win32
		{1E1E31D9-03A4-4641-BF27-B18C824D6BDB}.Release|x64.ActiveCfg = Release|x64
		{1E1E31D9-03A4-4641-BF27-B18C824D6BDB}.Release|x64.Build.0 = Release|x64
		{1E1E31D9-03A4-4641-BF27-B18C824D6BDB}.Release|x86.ActiveCfg = Release|Win32
		{1E1E31D9-03A4-4641-BF27-B18C824D6BDB}.Release|x86.Build.0 = Release|Win32
		{0BED8AC5-8632-4DE4-A810-0D4DC29E5527}.Debug|x64.ActiveCfg = Debug|x64
		{0BED8AC5-8632-4DE4-A810-0D4DC29E5527}.Debug|x64.Build.0 = Debug|x64
		{0BED8AC5-8632-4DE4-A810-0D4DC29E5527}.Debug|x86.ActiveCfg = Debug|Win32
		{0BED8AC5-8632-4DE4-A810-0D4DC29E5527}.Debug|x86.Build.0 = Debug|Win32
		{0BED8AC5-8632-4DE4-A810-0D4DC29E5527}.Release|x64.ActiveCfg = Release|x64
		{0BED8AC5-8632-4DE4-A810-0D4DC29E5527}.Release|x64.Build.0 = Release|x64
		{0BED8AC5-8632-4DE4-A810-0D4DC29E5527}.Release|x86.ActiveCfg = Release|Win32
		{0BED8AC5-8632-4DE4-A810-0D4DC29E5527}.Release|x86.Build.0 = Release|Win32
		{81AA2860-C444-4041-B679-1E131E901B83}.Debug|x64.ActiveCfg = Debug|x64
		{81AA2860-C444-4041-B679-1E131E901B83}.Debug|x64.Build.0 = Debug|x64
		{81AA2860-C444-4041-B679-1E131E901B83}.Debug|x86.ActiveCfg = Debug|Win32
		{81AA2860-C444-4041-B679-1E131E901B83}.Debug|x86.Build.0 = Debug|Win32
		{81AA2860-C444-4041-B679-1E131E901B83}.Release|x64.ActiveCfg = Release|x64
		{81AA2860-C444-4041-B679-1E131E901B83}.Release|x64.Build.0 = Release|x64
		{81AA2860-C444-4041-B679-1E131E901B83}.Release|x86.ActiveCfg = Release|Win32
		{81AA2860-C444-4041-B679-1E131E901B83}.Release|x86.Build.0 = Release|Win32
		{EDF4683A-9667-429C-B2EB-A15E8FA1010A}.Debug|x64.ActiveCfg = Debug|x64
		{EDF4683A-9667-429C-B2EB-A15E8FA1010A}.Debug|x64.Build.0 = Debug|x64
		{EDF4683A-9667-429C-B2EB-A15E8FA1010A}.Debug|x86.ActiveCfg = Debug|Win32
		{EDF4683A-9667-429C-B2EB-A15E8FA1010A}.Debug|x86.Build.0 = Debug|Win32
		{EDF4683A-9667-429C-B2EB-A15E8FA1010A}.Release|x64.ActiveCfg = Release|x64
		{EDF4683A-9667-429C-B2EB-A15E8FA1010A}.Release|x64.Build.0 = Release|x64
		{EDF4683A-9667-429C-B2EB-A15E8FA1010A}.Release|x86.ActiveCfg = Release|Win32
		{EDF4683A-9667-429C-B2EB-A15E8FA1010A}.Release|x86.Build.0 = Release|Win32
		{CF4D38CF-2DDC-4148-83AE-8114B81F0E19}.Debug|x64.ActiveCfg = Debug|x64
		{CF4D38CF-2DDC-4148-83AE-8114B81F0E19}.Debug|x64.Build.0 = Debug|x64
		{CF4D38CF-2DDC-4148-83AE-8114B81F0E19}.Debug|x86.ActiveCfg = Debug|Win32
		{CF4D38CF-2DDC-4148-83AE-8114B81F0E19}.Debug|x86.Build.0 = Debug|Win32
		{CF4D38CF-2DDC-4148-83AE-8114B81F0E19}.Release|x64.ActiveCfg = Release|x64
		{CF4D38CF-2DDC-4148-83AE-8114B81F0E19}.Release|x64.Build.0 = Release|x64
		{CF4D38CF-2DDC-4148-83AE-8114B81F0E19}.Release|x86.ActiveCfg = Release|Win32
		{CF4D38CF-2DDC-4148-83AE-8114B81F0E19}.Release|x86.Build.0 = Release|Win32
		{B345EA75-9C45-428B-8895-582B293459C1}.Debug|x64.ActiveCfg = Debug|x64
		{B345EA75-9C45-428B-8895-582B293459C1}.Debug|x64.Build.0 = Debug|x64
		{B345EA75-9C45-428B-8895-582B293459C1}.Debug|x86.ActiveCfg = Debug|Win32
		{B345EA75-9C45-428B-8895-582B293459C1}.Debug|x86.Build.0 = Debug|Win32
		{B345EA75-9C45-428B-8895-582B293459C1}.Release|x64.ActiveCfg = Release|x64
		{B345EA75-9C45-428B-8895-582B293459C1}.Release|x64.Build.0 = Release|x64
		{B345EA75-9C45-428B-8895-582B293459C1}.Release|x86.ActiveCfg = Release|Win32
		{B345EA75-9C45-428B-8895-582B293459C1}.Release|x86.Build.0 = Release|Win32
		{65D454AC-146D-4189-A5F8-901C9791F965}.Debug|x64.ActiveCfg = Debug|x64
		{65D454AC-146D-4189-A5F8-901C9791F965}.Debug|x64.Build.0 = Debug|x64
		{65D454AC-146D-4189-A5F8-901C9791F965}.Debug|x86.ActiveCfg = Debug|Win32
		{65D454AC-146D-4189-A5F8-901C9791F965}.Debug|x86.Build.0 = Debug|Win32
		{65D454AC-146D-4189-A5F8-901C9791F965}.Release|x64.ActiveCfg = Release|x64
		{65D454AC-146D-4189-A5F8-901C9791F965}.Release|x64.Build.0 = Release|x64
		{65D454AC-146D-4189-A5F8-901C9791F965}.Release|x86.ActiveCfg = Release|Win32
		{65D454AC-146D-4189-A5F8-901C9791F965}.Release|x86.Build.0 = Release|Win32
		{5354656A-29E3-4107-9C48-8904CA8203DA}.Debug|x64.ActiveCfg = Debug|x64
		{5354656A-29E3-4107-9C48-8904CA8203DA}.Debug|x64.Build.0 = Debug|x64
		{5354656A-29E3-4107-9C48-8904CA8203DA}.Debug|x86.ActiveCfg = Debug|Win32
		{5354656A-29E3-4107-9C48-8904CA8203DA}.Debug|x86.Build.0 = Debug|Win32
		{5354656A-29E3-4107-9C48-8904CA8203DA}.Release|x64.ActiveCfg = Release|x64
		{5354656A-29E3-4107-9C48-8904CA8203DA}.Release|x64.Build.0 = Release|x64
		{5354656A-29E3-4107-9C48-8904CA8203DA}.Release|x86.ActiveCfg = Release|Win32
		{5354656A-29E3-4107-9C48-8904CA8203DA}.Release|x86.Build.0 = Release|Win32
		{0978BF0B-E002-4A9B-801A-7E82044FA6A6}.Debug|x64.ActiveCfg = Debug|x64
		{0978BF0B-E002-4A9B-801A-7E82044FA6A6}.Debug|x64.Build.0 = Debug|x64
		{0978BF0B-E002-4A9B-801A-7E82044FA6A6}.Debug|x86.ActiveCfg = Debug|Win32
		{0978BF0B-E002-4A9B-801A-7E82044FA6A6}.Debug|x86.Build.0 = Debug|Win32
		{0978BF0B-E002-4A9B-801A-7E82044FA6A6}.Release|x64.ActiveCfg = Release|x64
		{0978BF0B-E002-4A9B-801A-7E82044FA6A6}.Release|x64.Build.0 = Release|x64
		{0978BF0B-E002-4A9B-801A-7E82044FA6A6}.Release|x86.ActiveCfg = Release|Win32
		{0978BF0B-E002-4A9B-801A-7E82044FA6A6}.Release|x86.Build.0 = Release|Win32
		{9FC6F7EB-FB5A-4C62-9E7B-D1BE849C9043}.Debug|x64.ActiveCfg = Debug|x64
		{9FC6F7EB-FB5A-4C62-9E7B-D1BE849C9043}.Debug|x64.Build.0 = Debug|x64
		{9FC6F7EB-FB5A-4C62-9E7B-D1BE849C9043}.Debug|x86.ActiveCfg = Debug|Win32
		{9FC6F7EB-FB5A-4C62-9E7B-D1BE849C9043}.Debug|x86.Build.0 = Debug|Win32
		{9FC6F7EB-FB5A-4C62-9E7B-D1BE849C9043}.Release|x64.ActiveCfg = Release|x64
		{9FC6F7EB-FB5A-4C62-9E7B-D1BE849C9043}.Release|x64.Build.0 = Release|x64
		{9FC6F7EB-FB5A-4C62-9E7B-D1BE849C9043}.Release|x86.ActiveCfg = Release|Win32
		{9FC6F7EB-FB5A-4C62-9E7B-D1BE849C9043}.Release|x86.Build.0 = Release|Win32
		{ED3131A7-8809-4112-A2AC-ABBF9637D07D}.Debug|x64.ActiveCfg = Debug|x64
		{ED3131A7-8809-4112-A2AC-ABBF9637D07D}.Debug|x64.Build.0 = Debug|x64
		{ED3131A7-8809-4112-A2AC-ABBF9637D07D}.Debug|x86.ActiveCfg = Debug|Win32
		{ED3131A7-8809-4112-A2AC-ABBF9637D07D}.Debug|x86.Build.0 = Debug|Win32
		{ED3131A7-8809-4112-A2AC-ABBF9637D07D}.Release|x64.ActiveCfg = Release|x64
		{ED3131A7-8809-4112-A2AC-ABBF9637D07D}.Release|x64.Build.0 = Release|x64
		{ED3131A7-8809-4112-A2AC-ABBF9637D07D}.Release|x86.ActiveCfg = Release|Win32
		{ED3131A7-8809-4112-A2AC-ABBF9637D07D}.Release|x86.Build.0 = Release|Win32
		{8A26B691-96EC-47C0-BDB5-C08133014AC5}.Debug|x64.ActiveCfg = Debug|x64
		{8A26B691-96EC-47C0-BDB5-C08133014AC5}.Debug|x64.Build.0 = Debug|x64
		{8A26B691-96EC-47C0-BDB5-C08133014AC5}.Debug|x86.ActiveCfg = Debug|Win32
		{8A26B691-96EC-47C0-BDB5-C08133014AC5}.Debug|x86.Build.0 = Debug|Win32
		{8A26B691-96EC-47C0-BDB5-C08133014AC5}.Release|x64.ActiveCfg = Release|x64
		{8A26B691-96EC-47C0-BDB5-C08133014AC5}.Release|x64.Build.0 = Release|x64
		{8A26B691-96EC-47C0-BDB5-C08133014AC5}.Release|x86.ActiveCfg = Release|Win32
		{8A26B691-96EC-47C0-BDB5-C08133014AC5}.Release|x86.Build.0 = Release|Win32
		{9827B932-BD2E-4931-A172-C7600C4A2939}.Debug|x64.ActiveCfg = Debug|x64
		{9827B932-BD2E-4931-A172-C7600C4A2939}.Debug|x64.Build.0 = Debug|x64
		{9827B932-BD2E-4931-A172-C7600C4A2939}.Debug|x86.ActiveCfg = Debug|Win32
		{9827B932-BD2E-4931-A172-C7600C4A2939}.Debug|x86.Build.0 = Debug|Win32
		{9827B932-BD2E-4931-A172-C7600C4A2939}.Release|x64.ActiveCfg = Release|x64
		{9827B932-BD2E-4931-A172-C7600C4A2939}.Release|x64.Build.0 = Release|x64
		{9827B932-BD2E-4931-A172-C7600C4A2939}.Release|x86.ActiveCfg = Release|Win32
		{9827B932-BD2E-4931-A172-C7600C4A2939}.Release|x86.Build.0 = Release|Win32
		{457D300C-C1C1-4498-9D53-90F314AB0664}.Debug|x64.ActiveCfg = Debug|x64
		{457D300C-C1C1-4498-9D53-90F314AB0664}.Debug|x64.Build.0 = Debug|x64
		{457D300C-C1C1-4498-9D53-90F314AB0664}.Debug|x86.ActiveCfg = Debug|Win32
		{457D300C-C1C1-4498-9D53-90F314AB0664}.Debug|x86.Build.0 = Debug|Win32
		{457D300C-C1C1-4498-9D53-90F314AB0664}.Release|x64.ActiveCfg = Release|x64
		{457D300C-C1C1-4498-9D53-90F314AB0664}.Release|x64.Build.0 = Release|x64
		{457D300C-C1C1-4498-9D53-90F314AB0664}.Release|x86.ActiveCfg = Release|Win32
		{457D300C-C1C1-4498-9D53-90F314AB0664}.Release|x86.Build.0 = Release|Win32
		{210468E3-08AF-4051-9D07-5A568D005568}.Debug|x64.ActiveCfg = Debug|x64
		{210468E3-08AF-4051-9D07-5A568D005568}.Debug|x64.Build.0 = Debug|x64
		{210468E3-08AF-4051-9D07-5A568D005568}.Debug|x86.ActiveCfg = Debug|Win32
		{210468E3-08AF-4051-9D07-5A568D005568}.Debug|x86.Build.0 = Debug|Win32
		{210468E3-08AF-4051-9D07-5A568D005568}.Release|x64.ActiveCfg = Release|x64
		{210468E3-08AF-4051-9D07-5A568D005568}.Release|x64.Build.0 = Release|x64
		{210468E3-08AF-4051-9D07-5A568D005568}.Release|x86.ActiveCfg = Release|Win32
		{210468E3-08AF-4051-9D07-5A568D005568}.Release|x86.Build.0 = Release|Win32
		{C16F6E91-2FD4-4FAC-8B69-1448C3323A02}.Debug|x64.ActiveCfg = Debug|x64
		{C16F6E91-2FD4-4FAC-8B69-1448C3323A02}.Debug|x64.Build.0 = Debug|x64
		{C16F6E91-2FD4-4FAC-8B69-1448C3323A02}.Debug|x86.ActiveCfg = Debug|Win32
		{C16F6E91-2FD4-4FAC-8B69-1448C3323A02}.Debug|x86.Build.0 = Debug|Win32
		{C16F6E91-2FD4-4FAC-8B69-1448C3323A02}.Release|x64.ActiveCfg = Release|x64
		{C16F6E91-2FD4-4FAC-8B69-1448C3323A02}.Release|x64.Build.0 = Release|x64
		{C16F6E91-2FD4-4FAC-8B69-1448C3323A02}.Release|x86.ActiveCfg = Release|Win32
		{C16F6E91-2FD4-4FAC-8B69-1448C3323A02}.Release|x86.Build.0 = Release|Win32
		{6F14D047-98B5-4AD9-8B22-E67E6059F74A}.Debug|x64.ActiveCfg = Debug|x64
		{6F14D047-98B5-4AD9-8B22-E67E6059F74A}.Debug|x64.Build.0 = Debug|x64
		{6F14D047-98B5-4AD9-8B22-E67E6059F74A}.Debug|x86.ActiveCfg = Debug|Win32
		{6F14D047-98B5-4AD9-8B22-E67E6059F74A}.Debug|x86.Build.0 = Debug|Win32
		{6F14D047-98B5-4AD9-8B22-E67E6059F74A}.Release|x64.ActiveCfg = Release|x64
		{6F14D047-98B5-4AD9-8B22-E67E6059F74A}.Release|x64.Build.0 = Release|x64
		{6F14D047-98B5-4AD9-8B22-E67E6059F74A}.Release|x86.ActiveCfg = Release|Win32
		{6F14D047-98B5-4AD9-8B22-E67E6059F74A}.Release|x86.Build.0 = Release|Win32
		{ED316F31-1445-4957-AB5B-D29F48BAE0E3}.Debug|x64.ActiveCfg = Debug|x64
		{ED316F31-1445-4957-AB5B-D29F48BAE0E3}.Debug|x64.Build.0 = Debug|x64
		{ED316F31-1445-4957-AB5B-D29F48BAE0E3}.Debug|x86.ActiveCfg = Debug|Win32
		{ED316F31-1445-4957-AB5B-D29F48BAE0E3}.Debug|x86.Build.0 = Debug|Win32
		{ED316F31-1445-4957-AB5B-D29F48BAE0E3}.Release|x64.ActiveCfg = Release|x64
		{ED316F31-1445-4957-AB5B-D29F48BAE0E3}.Release|x64.Build.0 = Release|x64
		{ED316F31-1445-4957-AB5B-D29F48BAE0E3}.Release|x86.ActiveCfg = Release|Win32
		{ED316F31-1445-4957-AB5B-D29F48BAE0E3}.Release|x86.Build.0 = Release|Win32
		{1180E998-35B9-47C5-8245-013C618D81EE}.Debug|x64.ActiveCfg = Debug|x64
		{1180E998-35B9-47C5-8245-013C618D81EE}.Debug|x64.Build.0 = Debug|x64
		{1180E998-35B9-47C5-8245-013C618D81EE}.Debug|x86.ActiveCfg = Debug|Win32
		{1180E998-35B9-47C5-8245-013C618D81EE}.Debug|x86.Build.0 = Debug|Win32
		{1180E998-35B9-47C5-8245-013C618D81EE}.Release|x64.ActiveCfg = Release|x64
		{1180E998-35B9-47C5-8245-013C618D81EE}.Release|x64.Build.0 = Release|x64
		{1180E998-35B9-47C5-8245-013C618D81EE}.Release|x86.ActiveCfg = Release|Win32
		{1180E998-35B9-47C5-8245-013C618D81EE}.Release|x86.Build.0 = Release|Win32
		{2A3471EE-C571-41B3-86F5-AA9204E84BBA}.Debug|x64.ActiveCfg = Debug|x64
		{2A3471EE-C571-41B3-86F5-AA9204E84BBA}.Debug|x64.Build.0 = Debug|x64
		{2A3471EE-C571-41B3-86F5-AA9204E84BBA}.Debug|x86.ActiveCfg = Debug|Win32
		{2A3471EE-C571-41B3-86F5-AA9204E84BBA}.Debug|x86.Build.0 = Debug|Win32
		{2A3471EE-C571-41B3-86F5-AA9204E84BBA}.Release|x64.ActiveCfg = Release|x64
		{2A3471EE-C571-41B3-86F5-AA9204E84BBA}.Release|x64.Build.0 = Release|x64
		{2A3471EE-C571-41B3-86F5-AA9204E84BBA}.Release|x86.ActiveCfg = Release|Win32
		{2A3471EE-C571-41B3-86F5-AA9204E84BBA}.Release|x86.Build.0 = Release|Win32
		{883F8435-8625-49E9-BB39-1C530D7BABEA}.Debug|x64.ActiveCfg = Debug|x64
		{883F8435-8625-49E9-BB39-1C530D7BABEA}.Debug|x64.Build.0 = Debug|x64
		{883F8435-8625-49E9-BB39-1C530D7BABEA}.Debug|x86.ActiveCfg = Debug|Win32
		{883F8435-8625-49E9-BB39-1C530D7BABEA}.Debug|x86.Build.0 = Debug|Win32
		{883F8435-8625-49E9-BB39-1C530D7BABEA}.Release|x64.ActiveCfg = Release|x64
		{883F8435-8625-49E9-BB39-1C530D7BABEA}.Release|x64.Build.0 = Release|x64
		{883F8435-8625-49E9-BB39-1C530D7BABEA}.Release|x86.ActiveCfg = Release|Win32
		{883F8435-8625-49E9-BB39-1C530D7BABEA}.Release|x86.Build.0 = Release|Win32
		{B95855BA-22B2-4325-A5CB-70BC809C62D3}.Debug|x64.ActiveCfg = Debug|x64
		{B95855BA-22B2-4325-A5CB-70BC809C62D3}.Debug|x64.Build.0 = Debug|x64
		{B95855BA-22B2-4325-A5CB-70BC809C62D3}.Debug|x86.ActiveCfg = Debug|Win32
		{B95855BA-22B2-4325-A5CB-70BC809C62D3}.Debug|x86.Build.0 = Debug|Win32
		{B95855BA-22B2-4325-A5CB-70BC809C62D3}.Release|x64.ActiveCfg = Release|x64
		{B95855BA-22B2-4325-A5CB-70BC809C62D3}.Release|x64.Build.0 = Release|x64
		{B95855BA-22B2-4325-A5CB-70BC809C62D3}.Release|x86.ActiveCfg = Release|Win32
		{B95855BA-22B2-4325-A5CB-70BC809C62D3}.Release|x86.Build.0 = Release|Win32
		{62E28E71-FB48-46D7-9A4A-D4F677BA8FD2}.Debug|x64.ActiveCfg = Debug|x64
		{62E28E71-FB48-46D7-9A4A-D4F677BA8FD2}.Debug|x64.Build.0 = Debug|x64
		{62E28E71-FB48-46D7-9A4A-D4F677BA8FD2}.Debug|x86.ActiveCfg = Debug|Win32
		{62E28E71-FB48-46D7-9A4A-D4F677BA8FD2}.Debug|x86.Build.0 = Debug|Win32
		{62E28E71-FB48-46D7-9A4A-D4F677BA8FD2}.Release|x64.ActiveCfg = Release|x64
		{62E28E71-FB48-46D7-9A4A-D4F677BA8FD2}.Release|x64.Build.0 = Release|x64
		{62E28E71-FB48-46D7-9A4A-D4F677BA8FD2}.Release|x86.ActiveCfg = Release|Win32
		{62E28E71-FB48-46D7-9A4A-D4F677BA8FD2}.Release|x86.Build.0 = Release|Win32
		{BABD546F-A705-4F83-9E60-E682AB923A5F}.Debug|x64.ActiveCfg = Debug|x64
		{BABD546F-A705-4F83-9E60-E682AB923A5F}.Debug|x64.Build.0 = Debug|x64
		{BABD546F-A705-4F83-9E60-E682AB923A5F}.Debug|x86.ActiveCfg = Debug|Win32
		{BABD546F-A705-4F83-9E60-E682AB923A5F}.Debug|x86.Build.0 = Debug|Win32
		{BABD546F-A705-4F83-9E60-E682AB923A5F}.Release|x64.ActiveCfg = Release|x64
		{BABD546F-A705-4F83-9E60-E682AB923A5F}.Release|x64.Build.0 = Release|x64
		{BABD546F-A705-4F83-9E60-E682AB923A5F}.Release|x86.ActiveCfg = Release|Win32
		{BABD546F-A705-4F83-9E60-E682AB923A5F}.Release|x86.Build.0 = Release|Win32
		{7A4BBD98-8F25-4E13-99E8-417D09E10D19}.Debug|x64.ActiveCfg = Debug|x64
		{7A4BBD98-8F25-4E13-99E8-417D09E10D19}.Debug|x64.Build.0 = Debug|x64
		{7A4BBD98-8F25-4E13-99E8-417D09E10D19}.Debug|x86.ActiveCfg = Debug|Win32
		{7A4BBD98-8F25-4E13-99E8-417D09E10D19}.Debug|x86.Build.0 = Debug|Win32
		{7A4BBD98-8F25-4E13-99E8-417D09E10D19}.Release|x64.ActiveCfg = Release|x64
		{7A4BBD98-8F25-4E13-99E8-417D09E10D19}.Release|x64.Build.0 = Release|x64
		{7A4BBD98-8F25-4E13-99E8-417D09E10D19}.Release|x86.ActiveCfg = Release|Win32
		{7A4BBD98-8F25-4E13-99E8-417D09E10D19}.Release|x86.Build.0 = Release|Win32
		{46C69C80-E8C8-4174-BB4C-0D2ED9C92E8B}.Debug|x64.ActiveCfg = Debug|x64
		{46C69C80-E8C8-4174-BB4C-0D2ED9C92E8B}.Debug|x64.Build.0 = Debug|x64
		{46C69C80-E8C8-4174-BB4C-0D2ED9C92E8B}.Debug|x86.ActiveCfg = Debug|Win32
		{46C69C80-E8C8-4174-BB4C-0D2ED9C92E8B}.Debug|x86.Build.0 = Debug|Win32
		{46C69C80-E8C8-4174-BB4C-0D2ED9C92E8B}.Release|x64.ActiveCfg = Release|x64
		{46C69C80-E8C8-4174-BB4C-0D2ED9C92E8B}.Release|x64.Build.0 = Release|x64
		{46C69C80-E8C8-4174-BB4C-0D2ED9C92E8B}.Release|x86.ActiveCfg = Release|Win32
		{46C69C80-E8C8-4174-BB4C-0D2ED9C92E8B}.Release|x86.Build.0 = Release|Win32
		{A0464D62-0B5A-4A50-A622-8443A2935A05}.Debug|x64.ActiveCfg = Debug|x64
		{A0464D62-0B5A-4A50-A622-8443A2935A05}.Debug|x64.Build.0 = Debug|x64
		{A0464D62-0B5A-4A50-A622-8443A2935A05}.Debug|x86.ActiveCfg = Debug|Win32
		{A0464D62-0B5A-4A50-A622-8443A2935A05}.Debug|x86.Build.0 = Debug|Win32
		{A0464D62-0B5A-4A50-A622-8443A2935A05}.Release|x64.ActiveCfg = Release|x64
		{A0464D62-0B5A-4A50-A622-8443A2935A05}.Release|x64.Build.0 = Release|x64
		{A0464D62-0B5A-4A50-A622-8443A2935A05}.Release|x86.ActiveCfg = Release|Win32
		{A0464D62-0B5A-4A50-A622-8443A2935A05}.Release|x86.Build.0 = Release|Win32
		{ABF1792F-E5A1-4E73-86BD-517870295F64}.Debug|x64.ActiveCfg = Debug|x64
		{ABF1792F-E5A1-4E73-86BD-517870295F64}.Debug|x64.Build.0 = Debug|x64
		{ABF1792F-E5A1-4E73-86BD-517870295F64}.Debug|x86.ActiveCfg = Debug|Win32
		{ABF1792F-E5A1-4E73-86BD-517870295F64}.Debug|x86.Build.0 = Debug|Win32
		{ABF1792F-E5A1-4E73-86BD-517870295F64}.Release|x64.ActiveCfg = Release|x64
		{ABF1792F-E5A1-4E73-86BD-517870295F64}.Release|x64.Build.0 = Release|x64
		{ABF1792F-E5A1-4E73-86BD-517870295F64}.Release|x86.ActiveCfg = Release|Win32
		{ABF1792F-E5A1-4E73-86BD-517870295F64}.Release|x86.Build.0 = Release|Win32
		{47CDBB1A-F22F-4936-B792-F38C57D0FF0F}.Debug|x64.ActiveCfg = Debug|x64
		{47CDBB1A-F22F-4936-B792-F38C57D0FF0F}.Debug|x64.Build.0 = Debug|x64
		{47CDBB1A-F22F-4936-B792-F38C57D0FF0F}.Debug|x86.ActiveCfg = Debug|Win32
		{47CDBB1A-F22F-4936-B792-F38C57D0FF0F}.Debug|x86.Build.0 = Debug|Win32
		{47CDBB1A-F22F-4936-B792-F38C57D0FF0F}.Release|x64.ActiveCfg = Release|x64
		{47CDBB1A-F22F-4936-B792-F38C57D0FF0F}.Release|x64.Build.0 = Release|x64
		{47CDBB1A-F22F-4936-B792-F38C57D0FF0F}.Release|x86.ActiveCfg = Release|Win32
		{47CDBB1A-F22F-4936-B792-F38C57D0FF0F}.Release|x86.Build.0 = Release|Win32
		{79CF5109-04C9-4E74-85E4-C0E8FF555DFB}.Debug|x64.ActiveCfg = Debug|x64
		{79CF5109-04C9-4E74-85E4-C0E8FF555DFB}.Debug|x64.Build.0 = Debug|x64
		{79CF5109-04C9-4E74-85E4-C0E8FF555DFB}.Debug|x86.ActiveCfg = Debug|Win32
		{79CF5109-04C9-4E74-85E4-C0E8FF555DFB}.Debug|x86.Build.0 = Debug|Win32
		{79CF5109-04C9-4E74-85E4-C0E8FF555DFB}.Release|x64.ActiveCfg = Release|x64
		{79CF5109-04C9-4E74-85E4-C0E8FF555DFB}.Release|x64.Build.0 = Release|x64
		{79CF5109-04C9-4E74-85E4-C0E8FF555DFB}.Release|x86.ActiveCfg = Release|Win32
		{79CF5109-04C9-4E74-85E4-C0E8FF555DFB}.Release|x86.Build.0 = Release|Win32
	EndGlobalSection
	GlobalSection(SolutionProperties) = preSolution
		HideSolutionNode = FALSE
	EndGlobalSection
	GlobalSection(ExtensibilityGlobals) = postSolution
		SolutionGuid = {9528EE33-D12C-4F97-B209-C72D77A4811D}
	EndGlobalSection
EndGlobal
